{
  "name": "@encompass/api/profile/data-access",
  "version": "0.0.1",
  "lockfileVersion": 3,
  "requires": true,
  "packages": {
    "": {
      "name": "@encompass/api/profile/data-access",
      "version": "0.0.1",
      "devDependencies": {
        "@types/text-encoding": "^0.0.36"
      }
    },
    "node_modules/@types/text-encoding": {
      "version": "0.0.36",
      "resolved": "https://registry.npmjs.org/@types/text-encoding/-/text-encoding-0.0.36.tgz",
      "integrity": "sha512-LfATA7bH+MtAPlOshYgQ1M3n2r0TSB6Ns5ESvKYlVugkKErQg5oFbR2qO7XrKtNsrtzedDvTeqQfyTjdPJH7jw==",
      "dev": true
    }
  }
}
